schema: '2.0'
stages:
  load_data:
    cmd: python src/load_data.py --config=params.yaml
    deps:
    - path: data/RawData/winequality.csv
      md5: ccc8d3507eb151f53f760d36abdef888
      size: 91998
    - path: src/get_data.py
      md5: 18a57ffdb25b636b9647b1641c7c7f7e
      size: 721
    - path: src/load_data.py
      md5: 5d49c45f402d29229ce9597c6df29846
      size: 794
    outs:
    - path: data/InputData/winequality.csv
      md5: d98e8f2eca228c11c4de1cc96866a54d
      size: 93598
  split_data:
    cmd: python src/split_data.py --config=params.yaml
    deps:
    - path: data/InputData/winequality.csv
      md5: d98e8f2eca228c11c4de1cc96866a54d
      size: 93598
    - path: src/split_data.py
      md5: d0b79a27bd3db7325015bcec9ce3f589
      size: 1099
    outs:
    - path: data/ProcessedData/test_winequality.csv
      md5: ba8602f6217d866e2200791e62a5c3a2
      size: 28218
    - path: data/ProcessedData/train_winequality.csv
      md5: f0c8677ecfb598f595c0e96645f810a7
      size: 65526
  train_and_evaluate:
    cmd: python src/train_and_evaluate.py --config=params.yaml
    deps:
    - path: data/ProcessedData/test_winequality.csv
      md5: ba8602f6217d866e2200791e62a5c3a2
      size: 28218
    - path: data/ProcessedData/train_winequality.csv
      md5: f0c8677ecfb598f595c0e96645f810a7
      size: 65526
    - path: src/train_and_evaluate.py
      md5: c4abafa7c6903d91e03e8ba2c192db4b
      size: 2680
    params:
      params.yaml:
        estimators.ElasticNet.params.alpha: 0.8
        estimators.ElasticNet.params.l1_ratio: 0.4
    outs:
    - path: report/params.json
      md5: 5cb5885a7b5d32f2869bcfbff106f8e1
      size: 44
    - path: report/scores.json
      md5: 005e2fa11c3f6d070aea9f814fbb4613
      size: 100
    - path: saved_models/model.joblib
      md5: cd38d707c87738d2aab74c52afd3f2df
      size: 722
